
Microsoft Visual Studio Solution File, Format Version 12.00
# Visual Studio 15
VisualStudioVersion = 15.0.28307.902
MinimumVisualStudioVersion = 10.0.40219.1
Project("{FAE04EC0-301F-11D3-BF4B-00C04F79EFBC}") = "Module2DemoConsole", "Module2DemoConsole\Module2DemoConsole.csproj", "{E6F98E84-6F82-4D76-8DCE-B5ACF6A14BB4}"
EndProject
Project("{FAE04EC0-301F-11D3-BF4B-00C04F79EFBC}") = "Module2DemoLibrary", "Module2DemoLibrary\Module2DemoLibrary.csproj", "{8473DFAA-2BB3-4440-838F-E4932C28EC9E}"
EndProject
Global
	GlobalSection(SolutionConfigurationPlatforms) = preSolution
		Debug|Any CPU = Debug|Any CPU
		Release|Any CPU = Release|Any CPU
	EndGlobalSection
	GlobalSection(ProjectConfigurationPlatforms) = postSolution
		{E6F98E84-6F82-4D76-8DCE-B5ACF6A14BB4}.Debug|Any CPU.ActiveCfg = Debug|Any CPU
		{E6F98E84-6F82-4D76-8DCE-B5ACF6A14BB4}.Debug|Any CPU.Build.0 = Debug|Any CPU
		{E6F98E84-6F82-4D76-8DCE-B5ACF6A14BB4}.Release|Any CPU.ActiveCfg = Release|Any CPU
		{E6F98E84-6F82-4D76-8DCE-B5ACF6A14BB4}.Release|Any CPU.Build.0 = Release|Any CPU
		{8473DFAA-2BB3-4440-838F-E4932C28EC9E}.Debug|Any CPU.ActiveCfg = Debug|Any CPU
		{8473DFAA-2BB3-4440-838F-E4932C28EC9E}.Debug|Any CPU.Build.0 = Debug|Any CPU
		{8473DFAA-2BB3-4440-838F-E4932C28EC9E}.Release|Any CPU.ActiveCfg = Release|Any CPU
		{8473DFAA-2BB3-4440-838F-E4932C28EC9E}.Release|Any CPU.Build.0 = Release|Any CPU
	EndGlobalSection
	GlobalSection(SolutionProperties) = preSolution
		HideSolutionNode = FALSE
	EndGlobalSection
	GlobalSection(ExtensibilityGlobals) = postSolution
		SolutionGuid = {46B18827-8105-475C-880B-CC273B63CC9E}
	EndGlobalSection
EndGlobal
